
Microsoft Visual Studio Solution File, Format Version 12.00
# Visual Studio 15
Project("{FAE04EC0-301F-11D3-BF4B-00C04F79EFBC}") = "Assembly-CSharp", "Assembly-CSharp.csproj", "{297CDD26-89BE-7D86-ADD7-DCAF3A36CC9E}"
EndProject
Project("{FAE04EC0-301F-11D3-BF4B-00C04F79EFBC}") = "Assembly-CSharp-Editor", "Assembly-CSharp-Editor.csproj", "{4F90FC22-B1DF-294F-F1BE-976D9AC8AE04}"
EndProject
Global
	GlobalSection(SolutionConfigurationPlatforms) = preSolution
		Debug|Any CPU = Debug|Any CPU
		Release|Any CPU = Release|Any CPU
	EndGlobalSection
	GlobalSection(ProjectConfigurationPlatforms) = postSolution
		{297CDD26-89BE-7D86-ADD7-DCAF3A36CC9E}.Debug|Any CPU.ActiveCfg = Debug|Any CPU
		{297CDD26-89BE-7D86-ADD7-DCAF3A36CC9E}.Debug|Any CPU.Build.0 = Debug|Any CPU
		{297CDD26-89BE-7D86-ADD7-DCAF3A36CC9E}.Release|Any CPU.ActiveCfg = Release|Any CPU
		{297CDD26-89BE-7D86-ADD7-DCAF3A36CC9E}.Release|Any CPU.Build.0 = Release|Any CPU
		{4F90FC22-B1DF-294F-F1BE-976D9AC8AE04}.Debug|Any CPU.ActiveCfg = Debug|Any CPU
		{4F90FC22-B1DF-294F-F1BE-976D9AC8AE04}.Debug|Any CPU.Build.0 = Debug|Any CPU
		{4F90FC22-B1DF-294F-F1BE-976D9AC8AE04}.Release|Any CPU.ActiveCfg = Release|Any CPU
		{4F90FC22-B1DF-294F-F1BE-976D9AC8AE04}.Release|Any CPU.Build.0 = Release|Any CPU
	EndGlobalSection
	GlobalSection(SolutionProperties) = preSolution
		HideSolutionNode = FALSE
	EndGlobalSection
EndGlobal
